NeoBundleLock vim-markdown 409c37b205afa2f9d590e23de8171482d66770e2
NeoBundleLock vim-endwise f2b664d4d492e649558dae1c3fce68a11196d7cc
NeoBundleLock vim-airline 6387268f13c513d8afeb98d0621bd3da8219dfc6
NeoBundleLock unite.vim bccb695ee285dc5c88ae20d0a1f340e485a1a575
NeoBundleLock unite-tag ce5d535025560a8ba890f6c9e9e8e386db40a6f2
NeoBundleLock Vim-R-plugin 3e8297d9cb40afdc62193107bd827af23aa9a639
NeoBundleLock vim-dispatch c4390c5724f9d262aeba62ab69c5bc5246626c6f
NeoBundleLock vim-latex 392577fc2031519b3c95ce0d3688842dd96c38fa
NeoBundleLock vimproc 98482672f888aec28ae3764e4432f7127ca8697b
NeoBundleLock vim-rails 18b5806910df63d65206593cd2001807d01cd083
NeoBundleLock alpaca_tags fa0c84df912a4ef4d8c53b4d9327f12d49f4b186
NeoBundleLock vim-matchit ceaf496a3763f3c20bc7f50c2135df4f1775ae05
NeoBundleLock neorspec.vim a72953e2ba43c76af442ac1c9bd0d814043b6145
NeoBundleLock vim-quickrun ae97cef42ae142306e9431dce9ab97c4353e5254
NeoBundleLock vim-multiple-cursors a95edcdffd98c5961f067796fbc2a1a82e0f6a83
NeoBundleLock neobundle.vim e4e6766e7bbcac9b7048ee247f02af9020b9df29
NeoBundleLock unite-rails e173c8ec28c18744a0b778ef78b600ce8759914f
